
Microsoft Visual Studio Solution File, Format Version 12.00
# Visual Studio Version 17
VisualStudioVersion = 17.6.33815.320
MinimumVisualStudioVersion = 10.0.40219.1
Project("{FAE04EC0-301F-11D3-BF4B-00C04F79EFBC}") = "Eva3", "Eva3.csproj", "{2A46FD28-9987-4B04-8952-13CAEDEC111D}"
EndProject
Project("{FAE04EC0-301F-11D3-BF4B-00C04F79EFBC}") = "Eva3Admin", "..\Admin\Eva3Admin.csproj", "{47E6F130-1715-482B-9A3F-01C746F03D25}"
EndProject
Global
	GlobalSection(SolutionConfigurationPlatforms) = preSolution
		Debug|Any CPU = Debug|Any CPU
		Release|Any CPU = Release|Any CPU
	EndGlobalSection
	GlobalSection(ProjectConfigurationPlatforms) = postSolution
		{2A46FD28-9987-4B04-8952-13CAEDEC111D}.Debug|Any CPU.ActiveCfg = Debug|Any CPU
		{2A46FD28-9987-4B04-8952-13CAEDEC111D}.Debug|Any CPU.Build.0 = Debug|Any CPU
		{2A46FD28-9987-4B04-8952-13CAEDEC111D}.Release|Any CPU.ActiveCfg = Release|Any CPU
		{2A46FD28-9987-4B04-8952-13CAEDEC111D}.Release|Any CPU.Build.0 = Release|Any CPU
		{47E6F130-1715-482B-9A3F-01C746F03D25}.Debug|Any CPU.ActiveCfg = Debug|Any CPU
		{47E6F130-1715-482B-9A3F-01C746F03D25}.Debug|Any CPU.Build.0 = Debug|Any CPU
		{47E6F130-1715-482B-9A3F-01C746F03D25}.Release|Any CPU.ActiveCfg = Release|Any CPU
		{47E6F130-1715-482B-9A3F-01C746F03D25}.Release|Any CPU.Build.0 = Release|Any CPU
	EndGlobalSection
	GlobalSection(SolutionProperties) = preSolution
		HideSolutionNode = FALSE
	EndGlobalSection
	GlobalSection(ExtensibilityGlobals) = postSolution
		SolutionGuid = {E0907D9B-6583-4244-8AE0-8028B1A075E9}
	EndGlobalSection
EndGlobal
